# THIS IS AN AUTOGENERATED FILE. DO NOT EDIT THIS FILE DIRECTLY.
# yarn lockfile v1


date-and-time@^2.4.2:
  version "2.4.2"
  resolved "https://registry.yarnpkg.com/date-and-time/-/date-and-time-2.4.2.tgz#3a0382d33e57714c7949301d14bc1a454b8f3807"
  integrity sha512-h+GwuCLcrDblUt2pXdVuKJJenwNMNtEw1H/eWqBdrkOziTTPzgAkzyCLXZ+QXgtOEheO59cZa8DcObYwE6NLDA==
